
Microsoft Visual Studio Solution File, Format Version 12.00
# Visual Studio Version 17
VisualStudioVersion = 17.7.34031.279
MinimumVisualStudioVersion = 10.0.40219.1
Project("{FAE04EC0-301F-11D3-BF4B-00C04F79EFBC}") = "Ezednevnik", "Ezednevnik.csproj", "{F006C080-A568-499C-8C6A-8B391674EBAD}"
EndProject
Global
	GlobalSection(SolutionConfigurationPlatforms) = preSolution
		Debug|Any CPU = Debug|Any CPU
		Release|Any CPU = Release|Any CPU
	EndGlobalSection
	GlobalSection(ProjectConfigurationPlatforms) = postSolution
		{F006C080-A568-499C-8C6A-8B391674EBAD}.Debug|Any CPU.ActiveCfg = Debug|Any CPU
		{F006C080-A568-499C-8C6A-8B391674EBAD}.Debug|Any CPU.Build.0 = Debug|Any CPU
		{F006C080-A568-499C-8C6A-8B391674EBAD}.Release|Any CPU.ActiveCfg = Release|Any CPU
		{F006C080-A568-499C-8C6A-8B391674EBAD}.Release|Any CPU.Build.0 = Release|Any CPU
	EndGlobalSection
	GlobalSection(SolutionProperties) = preSolution
		HideSolutionNode = FALSE
	EndGlobalSection
	GlobalSection(ExtensibilityGlobals) = postSolution
		SolutionGuid = {FD46E98A-01E8-4B5E-AA43-21E3499DEE42}
	EndGlobalSection
EndGlobal
